
Microsoft Visual Studio Solution File, Format Version 12.00
# Visual Studio Version 16
VisualStudioVersion = 16.0.30907.101
MinimumVisualStudioVersion = 10.0.40219.1
Project("{FAE04EC0-301F-11D3-BF4B-00C04F79EFBC}") = "css_test_otomasyon", "css_test_otomasyon\css_test_otomasyon.csproj", "{819EAD8E-FB06-4F71-B354-628B6D4092EF}"
EndProject
Global
	GlobalSection(SolutionConfigurationPlatforms) = preSolution
		Debug|Any CPU = Debug|Any CPU
		Release|Any CPU = Release|Any CPU
	EndGlobalSection
	GlobalSection(ProjectConfigurationPlatforms) = postSolution
		{819EAD8E-FB06-4F71-B354-628B6D4092EF}.Debug|Any CPU.ActiveCfg = Debug|Any CPU
		{819EAD8E-FB06-4F71-B354-628B6D4092EF}.Debug|Any CPU.Build.0 = Debug|Any CPU
		{819EAD8E-FB06-4F71-B354-628B6D4092EF}.Release|Any CPU.ActiveCfg = Release|Any CPU
		{819EAD8E-FB06-4F71-B354-628B6D4092EF}.Release|Any CPU.Build.0 = Release|Any CPU
	EndGlobalSection
	GlobalSection(SolutionProperties) = preSolution
		HideSolutionNode = FALSE
	EndGlobalSection
	GlobalSection(ExtensibilityGlobals) = postSolution
		SolutionGuid = {91A51993-8416-46BC-A3D3-1A6DAA30842A}
	EndGlobalSection
EndGlobal
